
Microsoft Visual Studio Solution File, Format Version 12.00
# Visual Studio Version 17
VisualStudioVersion = 17.3.32825.248
MinimumVisualStudioVersion = 10.0.40219.1
Project("{FAE04EC0-301F-11D3-BF4B-00C04F79EFBC}") = "Builder.Client", "Builder.Client\Builder.Client.csproj", "{752A3EF5-467F-415B-B628-97969262A9B5}"
EndProject
Project("{FAE04EC0-301F-11D3-BF4B-00C04F79EFBC}") = "Builder.Domain", "Builder.Domain\Builder.Domain.csproj", "{B5BFCA52-4935-4B91-BA12-511C4562D3B7}"
EndProject
Global
	GlobalSection(SolutionConfigurationPlatforms) = preSolution
		Debug|Any CPU = Debug|Any CPU
		Release|Any CPU = Release|Any CPU
	EndGlobalSection
	GlobalSection(ProjectConfigurationPlatforms) = postSolution
		{752A3EF5-467F-415B-B628-97969262A9B5}.Debug|Any CPU.ActiveCfg = Debug|Any CPU
		{752A3EF5-467F-415B-B628-97969262A9B5}.Debug|Any CPU.Build.0 = Debug|Any CPU
		{752A3EF5-467F-415B-B628-97969262A9B5}.Release|Any CPU.ActiveCfg = Release|Any CPU
		{752A3EF5-467F-415B-B628-97969262A9B5}.Release|Any CPU.Build.0 = Release|Any CPU
		{B5BFCA52-4935-4B91-BA12-511C4562D3B7}.Debug|Any CPU.ActiveCfg = Debug|Any CPU
		{B5BFCA52-4935-4B91-BA12-511C4562D3B7}.Debug|Any CPU.Build.0 = Debug|Any CPU
		{B5BFCA52-4935-4B91-BA12-511C4562D3B7}.Release|Any CPU.ActiveCfg = Release|Any CPU
		{B5BFCA52-4935-4B91-BA12-511C4562D3B7}.Release|Any CPU.Build.0 = Release|Any CPU
	EndGlobalSection
	GlobalSection(SolutionProperties) = preSolution
		HideSolutionNode = FALSE
	EndGlobalSection
	GlobalSection(ExtensibilityGlobals) = postSolution
		SolutionGuid = {63EBE2B8-CC97-4F25-9116-DA37EAD919C2}
	EndGlobalSection
EndGlobal
